
Microsoft Visual Studio Solution File, Format Version 12.00
# Visual Studio Version 17
VisualStudioVersion = 17.1.32210.238
MinimumVisualStudioVersion = 10.0.40219.1
Project("{9A19103F-16F7-4668-BE54-9A1E7A4F7556}") = "TCCWebAPI", "TCCWebAPI\TCCWebAPI.csproj", "{66BD4A66-137B-4775-AB40-B727CE0ED39C}"
EndProject
Project("{9A19103F-16F7-4668-BE54-9A1E7A4F7556}") = "TCCBusiness", "TCCBusiness\TCCBusiness.csproj", "{96B2389A-6A04-436F-BECE-F3349DD16A7A}"
EndProject
Project("{9A19103F-16F7-4668-BE54-9A1E7A4F7556}") = "TCCRepositories", "TCCRepositories\TCCRepositories.csproj", "{B05E3B70-5552-4E4E-8B3C-102CC2B92F3E}"
EndProject
Project("{2150E333-8FDC-42A3-9474-1A3956D46DE8}") = "Application", "Application", "{052E8EA1-EB0B-434F-951F-0509A21277D7}"
EndProject
Project("{2150E333-8FDC-42A3-9474-1A3956D46DE8}") = "Business", "Business", "{3CDC13A3-28F1-42DD-A52D-992823B0A8B0}"
EndProject
Project("{2150E333-8FDC-42A3-9474-1A3956D46DE8}") = "Repository", "Repository", "{BC0B3445-E5BB-44CE-AEA3-B961FD0D3316}"
EndProject
Project("{2150E333-8FDC-42A3-9474-1A3956D46DE8}") = "src", "src", "{24F0160E-8F47-4751-9DEF-06F398AA4825}"
EndProject
Project("{2150E333-8FDC-42A3-9474-1A3956D46DE8}") = "tests", "tests", "{FE859B6E-EE49-4A06-983D-F1C3EDF9EDA2}"
EndProject
Project("{2150E333-8FDC-42A3-9474-1A3956D46DE8}") = "Domain", "Domain", "{758F3999-A897-4DEC-9AD2-68180190248D}"
EndProject
Project("{9A19103F-16F7-4668-BE54-9A1E7A4F7556}") = "TCCDomain", "TCCDomain\TCCDomain.csproj", "{091EC5E1-141D-442B-BB8E-50B498C42C18}"
EndProject
Global
	GlobalSection(SolutionConfigurationPlatforms) = preSolution
		Debug|Any CPU = Debug|Any CPU
		Release|Any CPU = Release|Any CPU
	EndGlobalSection
	GlobalSection(ProjectConfigurationPlatforms) = postSolution
		{66BD4A66-137B-4775-AB40-B727CE0ED39C}.Debug|Any CPU.ActiveCfg = Debug|Any CPU
		{66BD4A66-137B-4775-AB40-B727CE0ED39C}.Debug|Any CPU.Build.0 = Debug|Any CPU
		{66BD4A66-137B-4775-AB40-B727CE0ED39C}.Release|Any CPU.ActiveCfg = Release|Any CPU
		{66BD4A66-137B-4775-AB40-B727CE0ED39C}.Release|Any CPU.Build.0 = Release|Any CPU
		{96B2389A-6A04-436F-BECE-F3349DD16A7A}.Debug|Any CPU.ActiveCfg = Debug|Any CPU
		{96B2389A-6A04-436F-BECE-F3349DD16A7A}.Debug|Any CPU.Build.0 = Debug|Any CPU
		{96B2389A-6A04-436F-BECE-F3349DD16A7A}.Release|Any CPU.ActiveCfg = Release|Any CPU
		{96B2389A-6A04-436F-BECE-F3349DD16A7A}.Release|Any CPU.Build.0 = Release|Any CPU
		{B05E3B70-5552-4E4E-8B3C-102CC2B92F3E}.Debug|Any CPU.ActiveCfg = Debug|Any CPU
		{B05E3B70-5552-4E4E-8B3C-102CC2B92F3E}.Debug|Any CPU.Build.0 = Debug|Any CPU
		{B05E3B70-5552-4E4E-8B3C-102CC2B92F3E}.Release|Any CPU.ActiveCfg = Release|Any CPU
		{B05E3B70-5552-4E4E-8B3C-102CC2B92F3E}.Release|Any CPU.Build.0 = Release|Any CPU
		{091EC5E1-141D-442B-BB8E-50B498C42C18}.Debug|Any CPU.ActiveCfg = Debug|Any CPU
		{091EC5E1-141D-442B-BB8E-50B498C42C18}.Debug|Any CPU.Build.0 = Debug|Any CPU
		{091EC5E1-141D-442B-BB8E-50B498C42C18}.Release|Any CPU.ActiveCfg = Release|Any CPU
		{091EC5E1-141D-442B-BB8E-50B498C42C18}.Release|Any CPU.Build.0 = Release|Any CPU
	EndGlobalSection
	GlobalSection(SolutionProperties) = preSolution
		HideSolutionNode = FALSE
	EndGlobalSection
	GlobalSection(NestedProjects) = preSolution
		{66BD4A66-137B-4775-AB40-B727CE0ED39C} = {052E8EA1-EB0B-434F-951F-0509A21277D7}
		{96B2389A-6A04-436F-BECE-F3349DD16A7A} = {3CDC13A3-28F1-42DD-A52D-992823B0A8B0}
		{B05E3B70-5552-4E4E-8B3C-102CC2B92F3E} = {BC0B3445-E5BB-44CE-AEA3-B961FD0D3316}
		{052E8EA1-EB0B-434F-951F-0509A21277D7} = {24F0160E-8F47-4751-9DEF-06F398AA4825}
		{3CDC13A3-28F1-42DD-A52D-992823B0A8B0} = {24F0160E-8F47-4751-9DEF-06F398AA4825}
		{BC0B3445-E5BB-44CE-AEA3-B961FD0D3316} = {24F0160E-8F47-4751-9DEF-06F398AA4825}
		{758F3999-A897-4DEC-9AD2-68180190248D} = {24F0160E-8F47-4751-9DEF-06F398AA4825}
		{091EC5E1-141D-442B-BB8E-50B498C42C18} = {758F3999-A897-4DEC-9AD2-68180190248D}
	EndGlobalSection
	GlobalSection(ExtensibilityGlobals) = postSolution
		SolutionGuid = {D05B8AF6-3EE0-419F-B1EF-19E03084928B}
	EndGlobalSection
EndGlobal
